
Microsoft Visual Studio Solution File, Format Version 12.00
# Visual Studio Version 16
VisualStudioVersion = 16.0.35325.158
MinimumVisualStudioVersion = 10.0.40219.1
Project("{9A19103F-16F7-4668-BE54-9A1E7A4F7556}") = "E-Commerce.App.API", "E-Commerce.App.API\E-Commerce.App.API.csproj", "{C275D96C-3E51-45C4-AD37-E1590BD66D04}"
EndProject
Project("{9A19103F-16F7-4668-BE54-9A1E7A4F7556}") = "E-Commerce.App.Repository", "E-Commerce.App.Repository\E-Commerce.App.Repository.csproj", "{84EFF4D1-7FB1-4FA4-978E-15F988CB5AA9}"
EndProject
Project("{9A19103F-16F7-4668-BE54-9A1E7A4F7556}") = "E-Commerce.App.Service", "E-Commerce.App.Service\E-Commerce.App.Service.csproj", "{88075A00-0B88-4B29-A8B3-43EC0D755691}"
EndProject
Project("{FAE04EC0-301F-11D3-BF4B-00C04F79EFBC}") = "E-Commerce.App.Core", "E-Commerce.App.Core\E-Commerce.App.Core.csproj", "{4AB300B5-5E6A-485B-86FE-6B8673D1B940}"
EndProject
Project("{FAE04EC0-301F-11D3-BF4B-00C04F79EFBC}") = "E-Commerce.App.Infrastructure", "E-Commerce.App.Infrastructure\E-Commerce.App.Infrastructure.csproj", "{4C3E1681-21B1-4BA1-95C2-E44A8F9EAE66}"
EndProject
Global
	GlobalSection(SolutionConfigurationPlatforms) = preSolution
		Debug|Any CPU = Debug|Any CPU
		Release|Any CPU = Release|Any CPU
	EndGlobalSection
	GlobalSection(ProjectConfigurationPlatforms) = postSolution
		{C275D96C-3E51-45C4-AD37-E1590BD66D04}.Debug|Any CPU.ActiveCfg = Debug|Any CPU
		{C275D96C-3E51-45C4-AD37-E1590BD66D04}.Debug|Any CPU.Build.0 = Debug|Any CPU
		{C275D96C-3E51-45C4-AD37-E1590BD66D04}.Release|Any CPU.ActiveCfg = Release|Any CPU
		{C275D96C-3E51-45C4-AD37-E1590BD66D04}.Release|Any CPU.Build.0 = Release|Any CPU
		{84EFF4D1-7FB1-4FA4-978E-15F988CB5AA9}.Debug|Any CPU.ActiveCfg = Debug|Any CPU
		{84EFF4D1-7FB1-4FA4-978E-15F988CB5AA9}.Debug|Any CPU.Build.0 = Debug|Any CPU
		{84EFF4D1-7FB1-4FA4-978E-15F988CB5AA9}.Release|Any CPU.ActiveCfg = Release|Any CPU
		{84EFF4D1-7FB1-4FA4-978E-15F988CB5AA9}.Release|Any CPU.Build.0 = Release|Any CPU
		{88075A00-0B88-4B29-A8B3-43EC0D755691}.Debug|Any CPU.ActiveCfg = Debug|Any CPU
		{88075A00-0B88-4B29-A8B3-43EC0D755691}.Debug|Any CPU.Build.0 = Debug|Any CPU
		{88075A00-0B88-4B29-A8B3-43EC0D755691}.Release|Any CPU.ActiveCfg = Release|Any CPU
		{88075A00-0B88-4B29-A8B3-43EC0D755691}.Release|Any CPU.Build.0 = Release|Any CPU
		{4AB300B5-5E6A-485B-86FE-6B8673D1B940}.Debug|Any CPU.ActiveCfg = Debug|Any CPU
		{4AB300B5-5E6A-485B-86FE-6B8673D1B940}.Debug|Any CPU.Build.0 = Debug|Any CPU
		{4AB300B5-5E6A-485B-86FE-6B8673D1B940}.Release|Any CPU.ActiveCfg = Release|Any CPU
		{4AB300B5-5E6A-485B-86FE-6B8673D1B940}.Release|Any CPU.Build.0 = Release|Any CPU
		{4C3E1681-21B1-4BA1-95C2-E44A8F9EAE66}.Debug|Any CPU.ActiveCfg = Debug|Any CPU
		{4C3E1681-21B1-4BA1-95C2-E44A8F9EAE66}.Debug|Any CPU.Build.0 = Debug|Any CPU
		{4C3E1681-21B1-4BA1-95C2-E44A8F9EAE66}.Release|Any CPU.ActiveCfg = Release|Any CPU
		{4C3E1681-21B1-4BA1-95C2-E44A8F9EAE66}.Release|Any CPU.Build.0 = Release|Any CPU
	EndGlobalSection
	GlobalSection(SolutionProperties) = preSolution
		HideSolutionNode = FALSE
	EndGlobalSection
	GlobalSection(ExtensibilityGlobals) = postSolution
		SolutionGuid = {6A675532-08D0-46C8-BB0D-9A7ED3BAFEED}
	EndGlobalSection
EndGlobal
